// !$*UTF8*$!
{
	archiveVersion = 1;
	classes = {
	};
	objectVersion = 50;
	objects = {

/* Begin PBXBuildFile section */
		581A101E26ECEA4C00E884F4 /* CustomTabBarController.swift in Sources */ = {isa = PBXBuildFile; fileRef = 581A101D26ECEA4C00E884F4 /* CustomTabBarController.swift */; };
		5829E51126EB54C1002FD1C5 /* DemoViewController.swift in Sources */ = {isa = PBXBuildFile; fileRef = 5829E51026EB54C1002FD1C5 /* DemoViewController.swift */; };
		5829E51326EB54CA002FD1C5 /* DemoViewController1.swift in Sources */ = {isa = PBXBuildFile; fileRef = 5829E51226EB54CA002FD1C5 /* DemoViewController1.swift */; };
		5829E51526EB54D1002FD1C5 /* DemoViewController2.swift in Sources */ = {isa = PBXBuildFile; fileRef = 5829E51426EB54D1002FD1C5 /* DemoViewController2.swift */; };
		582A47AB26E7BBBE00E2F66A /* BottomStackItem.swift in Sources */ = {isa = PBXBuildFile; fileRef = 582A47AA26E7BBBE00E2F66A /* BottomStackItem.swift */; };
		582A47AD26E7BCBA00E2F66A /* RootStackTabViewController.swift in Sources */ = {isa = PBXBuildFile; fileRef = 582A47AC26E7BCBA00E2F66A /* RootStackTabViewController.swift */; };
		582A47AF26E7BD1900E2F66A /* StackItemView.swift in Sources */ = {isa = PBXBuildFile; fileRef = 582A47AE26E7BD1900E2F66A /* StackItemView.swift */; };
		5856DDA926E4616500467F6B /* AppDelegate.swift in Sources */ = {isa = PBXBuildFile; fileRef = 5856DDA826E4616500467F6B /* AppDelegate.swift */; };
		5856DDAB26E4616500467F6B /* SceneDelegate.swift in Sources */ = {isa = PBXBuildFile; fileRef = 5856DDAA26E4616500467F6B /* SceneDelegate.swift */; };
		5856DDAD26E4616500467F6B /* ViewController.swift in Sources */ = {isa = PBXBuildFile; fileRef = 5856DDAC26E4616500467F6B /* ViewController.swift */; };
		5856DDB026E4616500467F6B /* Main.storyboard in Resources */ = {isa = PBXBuildFile; fileRef = 5856DDAE26E4616500467F6B /* Main.storyboard */; };
		5856DDB226E4616700467F6B /* Assets.xcassets in Resources */ = {isa = PBXBuildFile; fileRef = 5856DDB126E4616700467F6B /* Assets.xcassets */; };
		5856DDB526E4616700467F6B /* LaunchScreen.storyboard in Resources */ = {isa = PBXBuildFile; fileRef = 5856DDB326E4616700467F6B /* LaunchScreen.storyboard */; };
		5856DDBE26E4633E00467F6B /* FillAnimationView.swift in Sources */ = {isa = PBXBuildFile; fileRef = 5856DDBD26E4633E00467F6B /* FillAnimationView.swift */; };
		5856DDC126E47A6E00467F6B /* ViewAnimator.swift in Sources */ = {isa = PBXBuildFile; fileRef = 5856DDC026E47A6E00467F6B /* ViewAnimator.swift */; };
		5888F3B426ECF469002C2C9D /* CustomTabBar.swift in Sources */ = {isa = PBXBuildFile; fileRef = 5888F3B326ECF469002C2C9D /* CustomTabBar.swift */; };
		5888F3B726EDCA3C002C2C9D /* TroughAnimationTabBarController.swift in Sources */ = {isa = PBXBuildFile; fileRef = 5888F3B626EDCA3C002C2C9D /* TroughAnimationTabBarController.swift */; };
		5888F3B926EDCB9D002C2C9D /* TroghAnimationTabBar.swift in Sources */ = {isa = PBXBuildFile; fileRef = 5888F3B826EDCB9D002C2C9D /* TroghAnimationTabBar.swift */; };
/* End PBXBuildFile section */

/* Begin PBXFileReference section */
		581A101D26ECEA4C00E884F4 /* CustomTabBarController.swift */ = {isa = PBXFileReference; lastKnownFileType = sourcecode.swift; path = CustomTabBarController.swift; sourceTree = "<group>"; };
		5829E51026EB54C1002FD1C5 /* DemoViewController.swift */ = {isa = PBXFileReference; lastKnownFileType = sourcecode.swift; path = DemoViewController.swift; sourceTree = "<group>"; };
		5829E51226EB54CA002FD1C5 /* DemoViewController1.swift */ = {isa = PBXFileReference; lastKnownFileType = sourcecode.swift; path = DemoViewController1.swift; sourceTree = "<group>"; };
		5829E51426EB54D1002FD1C5 /* DemoViewController2.swift */ = {isa = PBXFileReference; lastKnownFileType = sourcecode.swift; path = DemoViewController2.swift; sourceTree = "<group>"; };
		582A47AA26E7BBBE00E2F66A /* BottomStackItem.swift */ = {isa = PBXFileReference; lastKnownFileType = sourcecode.swift; path = BottomStackItem.swift; sourceTree = "<group>"; };
		582A47AC26E7BCBA00E2F66A /* RootStackTabViewController.swift */ = {isa = PBXFileReference; lastKnownFileType = sourcecode.swift; path = RootStackTabViewController.swift; sourceTree = "<group>"; };
		582A47AE26E7BD1900E2F66A /* StackItemView.swift */ = {isa = PBXFileReference; lastKnownFileType = sourcecode.swift; path = StackItemView.swift; sourceTree = "<group>"; };
		5856DDA526E4616500467F6B /* CustomTabBar.app */ = {isa = PBXFileReference; explicitFileType = wrapper.application; includeInIndex = 0; path = CustomTabBar.app; sourceTree = BUILT_PRODUCTS_DIR; };
		5856DDA826E4616500467F6B /* AppDelegate.swift */ = {isa = PBXFileReference; lastKnownFileType = sourcecode.swift; path = AppDelegate.swift; sourceTree = "<group>"; };
		5856DDAA26E4616500467F6B /* SceneDelegate.swift */ = {isa = PBXFileReference; lastKnownFileType = sourcecode.swift; path = SceneDelegate.swift; sourceTree = "<group>"; };
		5856DDAC26E4616500467F6B /* ViewController.swift */ = {isa = PBXFileReference; lastKnownFileType = sourcecode.swift; path = ViewController.swift; sourceTree = "<group>"; };
		5856DDAF26E4616500467F6B /* Base */ = {isa = PBXFileReference; lastKnownFileType = file.storyboard; name = Base; path = Base.lproj/Main.storyboard; sourceTree = "<group>"; };
		5856DDB126E4616700467F6B /* Assets.xcassets */ = {isa = PBXFileReference; lastKnownFileType = folder.assetcatalog; path = Assets.xcassets; sourceTree = "<group>"; };
		5856DDB426E4616700467F6B /* Base */ = {isa = PBXFileReference; lastKnownFileType = file.storyboard; name = Base; path = Base.lproj/LaunchScreen.storyboard; sourceTree = "<group>"; };
		5856DDB626E4616700467F6B /* Info.plist */ = {isa = PBXFileReference; lastKnownFileType = text.plist.xml; path = Info.plist; sourceTree = "<group>"; };
		5856DDBD26E4633E00467F6B /* FillAnimationView.swift */ = {isa = PBXFileReference; lastKnownFileType = sourcecode.swift; path = FillAnimationView.swift; sourceTree = "<group>"; };
		5856DDC026E47A6E00467F6B /* ViewAnimator.swift */ = {isa = PBXFileReference; lastKnownFileType = sourcecode.swift; path = ViewAnimator.swift; sourceTree = "<group>"; };
		5888F3B326ECF469002C2C9D /* CustomTabBar.swift */ = {isa = PBXFileReference; lastKnownFileType = sourcecode.swift; path = CustomTabBar.swift; sourceTree = "<group>"; };
		5888F3B626EDCA3C002C2C9D /* TroughAnimationTabBarController.swift */ = {isa = PBXFileReference; lastKnownFileType = sourcecode.swift; path = TroughAnimationTabBarController.swift; sourceTree = "<group>"; };
		5888F3B826EDCB9D002C2C9D /* TroghAnimationTabBar.swift */ = {isa = PBXFileReference; lastKnownFileType = sourcecode.swift; path = TroghAnimationTabBar.swift; sourceTree = "<group>"; };
/* End PBXFileReference section */

/* Begin PBXFrameworksBuildPhase section */
		5856DDA226E4616500467F6B /* Frameworks */ = {
			isa = PBXFrameworksBuildPhase;
			buildActionMask = 2147483647;
			files = (
			);
			runOnlyForDeploymentPostprocessing = 0;
		};
/* End PBXFrameworksBuildPhase section */

/* Begin PBXGroup section */
		581A101C26ECEA1400E884F4 /* CustomDrawingTabBarController */ = {
			isa = PBXGroup;
			children = (
				581A101D26ECEA4C00E884F4 /* CustomTabBarController.swift */,
				5888F3B326ECF469002C2C9D /* CustomTabBar.swift */,
			);
			path = CustomDrawingTabBarController;
			sourceTree = "<group>";
		};
		5829E51626EB54ED002FD1C5 /* Controllers */ = {
			isa = PBXGroup;
			children = (
				5856DDAC26E4616500467F6B /* ViewController.swift */,
				5829E51026EB54C1002FD1C5 /* DemoViewController.swift */,
				5829E51226EB54CA002FD1C5 /* DemoViewController1.swift */,
				5829E51426EB54D1002FD1C5 /* DemoViewController2.swift */,
			);
			path = Controllers;
			sourceTree = "<group>";
		};
		582A47A626E7BB6000E2F66A /* TabBarController */ = {
			isa = PBXGroup;
			children = (
				5888F3B526EDC714002C2C9D /* AnimationBallTabBarController */,
				581A101C26ECEA1400E884F4 /* CustomDrawingTabBarController */,
				582A47A726E7BB8000E2F66A /* ExtendAnimationTabBarController */,
			);
			path = TabBarController;
			sourceTree = "<group>";
		};
		582A47A726E7BB8000E2F66A /* ExtendAnimationTabBarController */ = {
			isa = PBXGroup;
			children = (
				582A47AC26E7BCBA00E2F66A /* RootStackTabViewController.swift */,
				582A47AA26E7BBBE00E2F66A /* BottomStackItem.swift */,
				582A47AE26E7BD1900E2F66A /* StackItemView.swift */,
			);
			path = ExtendAnimationTabBarController;
			sourceTree = "<group>";
		};
		5856DD9C26E4616500467F6B = {
			isa = PBXGroup;
			children = (
				5856DDA726E4616500467F6B /* CustomTabBar */,
				5856DDA626E4616500467F6B /* Products */,
			);
			sourceTree = "<group>";
		};
		5856DDA626E4616500467F6B /* Products */ = {
			isa = PBXGroup;
			children = (
				5856DDA526E4616500467F6B /* CustomTabBar.app */,
			);
			name = Products;
			sourceTree = "<group>";
		};
		5856DDA726E4616500467F6B /* CustomTabBar */ = {
			isa = PBXGroup;
			children = (
				5829E51626EB54ED002FD1C5 /* Controllers */,
				582A47A626E7BB6000E2F66A /* TabBarController */,
				5856DDBF26E47A3400467F6B /* Animator */,
				5856DDBC26E4631500467F6B /* FillAnimationView */,
				5856DDA826E4616500467F6B /* AppDelegate.swift */,
				5856DDAA26E4616500467F6B /* SceneDelegate.swift */,
				5856DDAE26E4616500467F6B /* Main.storyboard */,
				5856DDB126E4616700467F6B /* Assets.xcassets */,
				5856DDB326E4616700467F6B /* LaunchScreen.storyboard */,
				5856DDB626E4616700467F6B /* Info.plist */,
			);
			path = CustomTabBar;
			sourceTree = "<group>";
		};
		5856DDBC26E4631500467F6B /* FillAnimationView */ = {
			isa = PBXGroup;
			children = (
				5856DDBD26E4633E00467F6B /* FillAnimationView.swift */,
			);
			path = FillAnimationView;
			sourceTree = "<group>";
		};
		5856DDBF26E47A3400467F6B /* Animator */ = {
			isa = PBXGroup;
			children = (
				5856DDC026E47A6E00467F6B /* ViewAnimator.swift */,
			);
			path = Animator;
			sourceTree = "<group>";
		};
		5888F3B526EDC714002C2C9D /* AnimationBallTabBarController */ = {
			isa = PBXGroup;
			children = (
				5888F3B626EDCA3C002C2C9D /* TroughAnimationTabBarController.swift */,
				5888F3B826EDCB9D002C2C9D /* TroghAnimationTabBar.swift */,
			);
			path = AnimationBallTabBarController;
			sourceTree = "<group>";
		};
/* End PBXGroup section */

/* Begin PBXNativeTarget section */
		5856DDA426E4616500467F6B /* CustomTabBar */ = {
			isa = PBXNativeTarget;
			buildConfigurationList = 5856DDB926E4616700467F6B /* Build configuration list for PBXNativeTarget "CustomTabBar" */;
			buildPhases = (
				5856DDA126E4616500467F6B /* Sources */,
				5856DDA226E4616500467F6B /* Frameworks */,
				5856DDA326E4616500467F6B /* Resources */,
			);
			buildRules = (
			);
			dependencies = (
			);
			name = CustomTabBar;
			productName = CustomTabBar;
			productReference = 5856DDA526E4616500467F6B /* CustomTabBar.app */;
			productType = "com.apple.product-type.application";
		};
/* End PBXNativeTarget section */

/* Begin PBXProject section */
		5856DD9D26E4616500467F6B /* Project object */ = {
			isa = PBXProject;
			attributes = {
				LastSwiftUpdateCheck = 1250;
				LastUpgradeCheck = 1250;
				TargetAttributes = {
					5856DDA426E4616500467F6B = {
						CreatedOnToolsVersion = 12.5.1;
					};
				};
			};
			buildConfigurationList = 5856DDA026E4616500467F6B /* Build configuration list for PBXProject "CustomTabBar" */;
			compatibilityVersion = "Xcode 9.3";
			developmentRegion = en;
			hasScannedForEncodings = 0;
			knownRegions = (
				en,
				Base,
			);
			mainGroup = 5856DD9C26E4616500467F6B;
			productRefGroup = 5856DDA626E4616500467F6B /* Products */;
			projectDirPath = "";
			projectRoot = "";
			targets = (
				5856DDA426E4616500467F6B /* CustomTabBar */,
			);
		};
/* End PBXProject section */

/* Begin PBXResourcesBuildPhase section */
		5856DDA326E4616500467F6B /* Resources */ = {
			isa = PBXResourcesBuildPhase;
			buildActionMask = 2147483647;
			files = (
				5856DDB526E4616700467F6B /* LaunchScreen.storyboard in Resources */,
				5856DDB226E4616700467F6B /* Assets.xcassets in Resources */,
				5856DDB026E4616500467F6B /* Main.storyboard in Resources */,
			);
			runOnlyForDeploymentPostprocessing = 0;
		};
/* End PBXResourcesBuildPhase section */

/* Begin PBXSourcesBuildPhase section */
		5856DDA126E4616500467F6B /* Sources */ = {
			isa = PBXSourcesBuildPhase;
			buildActionMask = 2147483647;
			files = (
				5888F3B926EDCB9D002C2C9D /* TroghAnimationTabBar.swift in Sources */,
				5856DDC126E47A6E00467F6B /* ViewAnimator.swift in Sources */,
				5856DDBE26E4633E00467F6B /* FillAnimationView.swift in Sources */,
				581A101E26ECEA4C00E884F4 /* CustomTabBarController.swift in Sources */,
				5888F3B426ECF469002C2C9D /* CustomTabBar.swift in Sources */,
				5856DDAD26E4616500467F6B /* ViewController.swift in Sources */,
				5829E51126EB54C1002FD1C5 /* DemoViewController.swift in Sources */,
				5829E51526EB54D1002FD1C5 /* DemoViewController2.swift in Sources */,
				5856DDA926E4616500467F6B /* AppDelegate.swift in Sources */,
				5829E51326EB54CA002FD1C5 /* DemoViewController1.swift in Sources */,
				582A47AB26E7BBBE00E2F66A /* BottomStackItem.swift in Sources */,
				582A47AD26E7BCBA00E2F66A /* RootStackTabViewController.swift in Sources */,
				5888F3B726EDCA3C002C2C9D /* TroughAnimationTabBarController.swift in Sources */,
				582A47AF26E7BD1900E2F66A /* StackItemView.swift in Sources */,
				5856DDAB26E4616500467F6B /* SceneDelegate.swift in Sources */,
			);
			runOnlyForDeploymentPostprocessing = 0;
		};
/* End PBXSourcesBuildPhase section */

/* Begin PBXVariantGroup section */
		5856DDAE26E4616500467F6B /* Main.storyboard */ = {
			isa = PBXVariantGroup;
			children = (
				5856DDAF26E4616500467F6B /* Base */,
			);
			name = Main.storyboard;
			sourceTree = "<group>";
		};
		5856DDB326E4616700467F6B /* LaunchScreen.storyboard */ = {
			isa = PBXVariantGroup;
			children = (
				5856DDB426E4616700467F6B /* Base */,
			);
			name = LaunchScreen.storyboard;
			sourceTree = "<group>";
		};
/* End PBXVariantGroup section */

/* Begin XCBuildConfiguration section */
		5856DDB726E4616700467F6B /* Debug */ = {
			isa = XCBuildConfiguration;
			buildSettings = {
				ALWAYS_SEARCH_USER_PATHS = NO;
				CLANG_ANALYZER_NONNULL = YES;
				CLANG_ANALYZER_NUMBER_OBJECT_CONVERSION = YES_AGGRESSIVE;
				CLANG_CXX_LANGUAGE_STANDARD = "gnu++14";
				CLANG_CXX_LIBRARY = "libc++";
				CLANG_ENABLE_MODULES = YES;
				CLANG_ENABLE_OBJC_ARC = YES;
				CLANG_ENABLE_OBJC_WEAK = YES;
				CLANG_WARN_BLOCK_CAPTURE_AUTORELEASING = YES;
				CLANG_WARN_BOOL_CONVERSION = YES;
				CLANG_WARN_COMMA = YES;
				CLANG_WARN_CONSTANT_CONVERSION = YES;
				CLANG_WARN_DEPRECATED_OBJC_IMPLEMENTATIONS = YES;
				CLANG_WARN_DIRECT_OBJC_ISA_USAGE = YES_ERROR;
				CLANG_WARN_DOCUMENTATION_COMMENTS = YES;
				CLANG_WARN_EMPTY_BODY = YES;
				CLANG_WARN_ENUM_CONVERSION = YES;
				CLANG_WARN_INFINITE_RECURSION = YES;
				CLANG_WARN_INT_CONVERSION = YES;
				CLANG_WARN_NON_LITERAL_NULL_CONVERSION = YES;
				CLANG_WARN_OBJC_IMPLICIT_RETAIN_SELF = YES;
				CLANG_WARN_OBJC_LITERAL_CONVERSION = YES;
				CLANG_WARN_OBJC_ROOT_CLASS = YES_ERROR;
				CLANG_WARN_QUOTED_INCLUDE_IN_FRAMEWORK_HEADER = YES;
				CLANG_WARN_RANGE_LOOP_ANALYSIS = YES;
				CLANG_WARN_STRICT_PROTOTYPES = YES;
				CLANG_WARN_SUSPICIOUS_MOVE = YES;
				CLANG_WARN_UNGUARDED_AVAILABILITY = YES_AGGRESSIVE;
				CLANG_WARN_UNREACHABLE_CODE = YES;
				CLANG_WARN__DUPLICATE_METHOD_MATCH = YES;
				COPY_PHASE_STRIP = NO;
				DEBUG_INFORMATION_FORMAT = dwarf;
				ENABLE_STRICT_OBJC_MSGSEND = YES;
				ENABLE_TESTABILITY = YES;
				GCC_C_LANGUAGE_STANDARD = gnu11;
				GCC_DYNAMIC_NO_PIC = NO;
				GCC_NO_COMMON_BLOCKS = YES;
				GCC_OPTIMIZATION_LEVEL = 0;
				GCC_PREPROCESSOR_DEFINITIONS = (
					"DEBUG=1",
					"$(inherited)",
				);
				GCC_WARN_64_TO_32_BIT_CONVERSION = YES;
				GCC_WARN_ABOUT_RETURN_TYPE = YES_ERROR;
				GCC_WARN_UNDECLARED_SELECTOR = YES;
				GCC_WARN_UNINITIALIZED_AUTOS = YES_AGGRESSIVE;
				GCC_WARN_UNUSED_FUNCTION = YES;
				GCC_WARN_UNUSED_VARIABLE = YES;
				IPHONEOS_DEPLOYMENT_TARGET = 14.5;
				MTL_ENABLE_DEBUG_INFO = INCLUDE_SOURCE;
				MTL_FAST_MATH = YES;
				ONLY_ACTIVE_ARCH = YES;
				SDKROOT = iphoneos;
				SWIFT_ACTIVE_COMPILATION_CONDITIONS = DEBUG;
				SWIFT_OPTIMIZATION_LEVEL = "-Onone";
			};
			name = Debug;
		};
		5856DDB826E4616700467F6B /* Release */ = {
			isa = XCBuildConfiguration;
			buildSettings = {
				ALWAYS_SEARCH_USER_PATHS = NO;
				CLANG_ANALYZER_NONNULL = YES;
				CLANG_ANALYZER_NUMBER_OBJECT_CONVERSION = YES_AGGRESSIVE;
				CLANG_CXX_LANGUAGE_STANDARD = "gnu++14";
				CLANG_CXX_LIBRARY = "libc++";
				CLANG_ENABLE_MODULES = YES;
				CLANG_ENABLE_OBJC_ARC = YES;
				CLANG_ENABLE_OBJC_WEAK = YES;
				CLANG_WARN_BLOCK_CAPTURE_AUTORELEASING = YES;
				CLANG_WARN_BOOL_CONVERSION = YES;
				CLANG_WARN_COMMA = YES;
				CLANG_WARN_CONSTANT_CONVERSION = YES;
				CLANG_WARN_DEPRECATED_OBJC_IMPLEMENTATIONS = YES;
				CLANG_WARN_DIRECT_OBJC_ISA_USAGE = YES_ERROR;
				CLANG_WARN_DOCUMENTATION_COMMENTS = YES;
				CLANG_WARN_EMPTY_BODY = YES;
				CLANG_WARN_ENUM_CONVERSION = YES;
				CLANG_WARN_INFINITE_RECURSION = YES;
				CLANG_WARN_INT_CONVERSION = YES;
				CLANG_WARN_NON_LITERAL_NULL_CONVERSION = YES;
				CLANG_WARN_OBJC_IMPLICIT_RETAIN_SELF = YES;
				CLANG_WARN_OBJC_LITERAL_CONVERSION = YES;
				CLANG_WARN_OBJC_ROOT_CLASS = YES_ERROR;
				CLANG_WARN_QUOTED_INCLUDE_IN_FRAMEWORK_HEADER = YES;
				CLANG_WARN_RANGE_LOOP_ANALYSIS = YES;
				CLANG_WARN_STRICT_PROTOTYPES = YES;
				CLANG_WARN_SUSPICIOUS_MOVE = YES;
				CLANG_WARN_UNGUARDED_AVAILABILITY = YES_AGGRESSIVE;
				CLANG_WARN_UNREACHABLE_CODE = YES;
				CLANG_WARN__DUPLICATE_METHOD_MATCH = YES;
				COPY_PHASE_STRIP = NO;
				DEBUG_INFORMATION_FORMAT = "dwarf-with-dsym";
				ENABLE_NS_ASSERTIONS = NO;
				ENABLE_STRICT_OBJC_MSGSEND = YES;
				GCC_C_LANGUAGE_STANDARD = gnu11;
				GCC_NO_COMMON_BLOCKS = YES;
				GCC_WARN_64_TO_32_BIT_CONVERSION = YES;
				GCC_WARN_ABOUT_RETURN_TYPE = YES_ERROR;
				GCC_WARN_UNDECLARED_SELECTOR = YES;
				GCC_WARN_UNINITIALIZED_AUTOS = YES_AGGRESSIVE;
				GCC_WARN_UNUSED_FUNCTION = YES;
				GCC_WARN_UNUSED_VARIABLE = YES;
				IPHONEOS_DEPLOYMENT_TARGET = 14.5;
				MTL_ENABLE_DEBUG_INFO = NO;
				MTL_FAST_MATH = YES;
				SDKROOT = iphoneos;
				SWIFT_COMPILATION_MODE = wholemodule;
				SWIFT_OPTIMIZATION_LEVEL = "-O";
				VALIDATE_PRODUCT = YES;
			};
			name = Release;
		};
		5856DDBA26E4616700467F6B /* Debug */ = {
			isa = XCBuildConfiguration;
			buildSettings = {
				ASSETCATALOG_COMPILER_APPICON_NAME = AppIcon;
				ASSETCATALOG_COMPILER_GLOBAL_ACCENT_COLOR_NAME = AccentColor;
				CODE_SIGN_STYLE = Automatic;
				DEVELOPMENT_TEAM = VVYLR2QGK9;
				INFOPLIST_FILE = CustomTabBar/Info.plist;
				LD_RUNPATH_SEARCH_PATHS = (
					"$(inherited)",
					"@executable_path/Frameworks",
				);
				PRODUCT_BUNDLE_IDENTIFIER = com.ramsey.customTabBar.CustomTabBar;
				PRODUCT_NAME = "$(TARGET_NAME)";
				SWIFT_VERSION = 5.0;
				TARGETED_DEVICE_FAMILY = "1,2";
			};
			name = Debug;
		};
		5856DDBB26E4616700467F6B /* Release */ = {
			isa = XCBuildConfiguration;
			buildSettings = {
				ASSETCATALOG_COMPILER_APPICON_NAME = AppIcon;
				ASSETCATALOG_COMPILER_GLOBAL_ACCENT_COLOR_NAME = AccentColor;
				CODE_SIGN_STYLE = Automatic;
				DEVELOPMENT_TEAM = VVYLR2QGK9;
				INFOPLIST_FILE = CustomTabBar/Info.plist;
				LD_RUNPATH_SEARCH_PATHS = (
					"$(inherited)",
					"@executable_path/Frameworks",
				);
				PRODUCT_BUNDLE_IDENTIFIER = com.ramsey.customTabBar.CustomTabBar;
				PRODUCT_NAME = "$(TARGET_NAME)";
				SWIFT_VERSION = 5.0;
				TARGETED_DEVICE_FAMILY = "1,2";
			};
			name = Release;
		};
/* End XCBuildConfiguration section */

/* Begin XCConfigurationList section */
		5856DDA026E4616500467F6B /* Build configuration list for PBXProject "CustomTabBar" */ = {
			isa = XCConfigurationList;
			buildConfigurations = (
				5856DDB726E4616700467F6B /* Debug */,
				5856DDB826E4616700467F6B /* Release */,
			);
			defaultConfigurationIsVisible = 0;
			defaultConfigurationName = Release;
		};
		5856DDB926E4616700467F6B /* Build configuration list for PBXNativeTarget "CustomTabBar" */ = {
			isa = XCConfigurationList;
			buildConfigurations = (
				5856DDBA26E4616700467F6B /* Debug */,
				5856DDBB26E4616700467F6B /* Release */,
			);
			defaultConfigurationIsVisible = 0;
			defaultConfigurationName = Release;
		};
/* End XCConfigurationList section */
	};
	rootObject = 5856DD9D26E4616500467F6B /* Project object */;
}
